
Microsoft Visual Studio Solution File, Format Version 12.00
# Visual Studio 2013
VisualStudioVersion = 12.0.21005.1
MinimumVisualStudioVersion = 10.0.40219.1
Project("{FAE04EC0-301F-11D3-BF4B-00C04F79EFBC}") = "DataBase.Entity", "DataBase.Entity\DataBase.Entity.csproj", "{7D0F2053-E2B3-4B87-BB6D-EFB1A81B9682}"
EndProject
Project("{FAE04EC0-301F-11D3-BF4B-00C04F79EFBC}") = "DataGenerator", "DataGenerator\DataGenerator.csproj", "{813EBDCA-5619-4E82-A474-FF58E38F50A8}"
EndProject
Project("{FAE04EC0-301F-11D3-BF4B-00C04F79EFBC}") = "DataBase.Models", "DataBase.Models\DataBase.Models.csproj", "{4CB5967F-ABA8-468B-97C9-C97DEA3AE2B5}"
EndProject
Global
	GlobalSection(SolutionConfigurationPlatforms) = preSolution
		Debug|Any CPU = Debug|Any CPU
		Release|Any CPU = Release|Any CPU
	EndGlobalSection
	GlobalSection(ProjectConfigurationPlatforms) = postSolution
		{7D0F2053-E2B3-4B87-BB6D-EFB1A81B9682}.Debug|Any CPU.ActiveCfg = Debug|Any CPU
		{7D0F2053-E2B3-4B87-BB6D-EFB1A81B9682}.Debug|Any CPU.Build.0 = Debug|Any CPU
		{7D0F2053-E2B3-4B87-BB6D-EFB1A81B9682}.Release|Any CPU.ActiveCfg = Release|Any CPU
		{7D0F2053-E2B3-4B87-BB6D-EFB1A81B9682}.Release|Any CPU.Build.0 = Release|Any CPU
		{813EBDCA-5619-4E82-A474-FF58E38F50A8}.Debug|Any CPU.ActiveCfg = Debug|Any CPU
		{813EBDCA-5619-4E82-A474-FF58E38F50A8}.Debug|Any CPU.Build.0 = Debug|Any CPU
		{813EBDCA-5619-4E82-A474-FF58E38F50A8}.Release|Any CPU.ActiveCfg = Release|Any CPU
		{813EBDCA-5619-4E82-A474-FF58E38F50A8}.Release|Any CPU.Build.0 = Release|Any CPU
		{4CB5967F-ABA8-468B-97C9-C97DEA3AE2B5}.Debug|Any CPU.ActiveCfg = Debug|Any CPU
		{4CB5967F-ABA8-468B-97C9-C97DEA3AE2B5}.Debug|Any CPU.Build.0 = Debug|Any CPU
		{4CB5967F-ABA8-468B-97C9-C97DEA3AE2B5}.Release|Any CPU.ActiveCfg = Release|Any CPU
		{4CB5967F-ABA8-468B-97C9-C97DEA3AE2B5}.Release|Any CPU.Build.0 = Release|Any CPU
	EndGlobalSection
	GlobalSection(SolutionProperties) = preSolution
		HideSolutionNode = FALSE
	EndGlobalSection
EndGlobal
